// !$*UTF8*$!
{
	archiveVersion = 1;
	classes = {
	};
	objectVersion = 56;
	objects = {

/* Begin PBXBuildFile section */
		06A3E7D72C165C0B00C6CA74 /* PlaylistScreen.swift in Sources */ = {isa = PBXBuildFile; fileRef = 06A3E7D62C165C0B00C6CA74 /* PlaylistScreen.swift */; };
		06A3E7D92C165DA400C6CA74 /* SectionSongView.swift in Sources */ = {isa = PBXBuildFile; fileRef = 06A3E7D82C165DA400C6CA74 /* SectionSongView.swift */; };
		06A3E7DD2C220CFD00C6CA74 /* VerticalEllipseButton.swift in Sources */ = {isa = PBXBuildFile; fileRef = 06A3E7DC2C220CFD00C6CA74 /* VerticalEllipseButton.swift */; };
		06A3E7E12C220FA000C6CA74 /* ButtonsView.swift in Sources */ = {isa = PBXBuildFile; fileRef = 06A3E7E02C220FA000C6CA74 /* ButtonsView.swift */; };
		06A3E7E32C220FB900C6CA74 /* PlayButton.swift in Sources */ = {isa = PBXBuildFile; fileRef = 06A3E7E22C220FB900C6CA74 /* PlayButton.swift */; };
		06A3E7E52C220FC700C6CA74 /* HeartButton.swift in Sources */ = {isa = PBXBuildFile; fileRef = 06A3E7E42C220FC700C6CA74 /* HeartButton.swift */; };
		06A3E7E72C23425E00C6CA74 /* SectionAlbum.swift in Sources */ = {isa = PBXBuildFile; fileRef = 06A3E7E62C23425E00C6CA74 /* SectionAlbum.swift */; };
		06A3E7EA2C23474E00C6CA74 /* View+Extension.swift in Sources */ = {isa = PBXBuildFile; fileRef = 06A3E7E92C23474E00C6CA74 /* View+Extension.swift */; };
		06EBD36B2BF9716E009C7EC6 /* SpotifyCloneApp.swift in Sources */ = {isa = PBXBuildFile; fileRef = 06EBD36A2BF9716E009C7EC6 /* SpotifyCloneApp.swift */; };
		06EBD36D2BF9716E009C7EC6 /* ContentView.swift in Sources */ = {isa = PBXBuildFile; fileRef = 06EBD36C2BF9716E009C7EC6 /* ContentView.swift */; };
		06EBD36F2BF97170009C7EC6 /* Assets.xcassets in Resources */ = {isa = PBXBuildFile; fileRef = 06EBD36E2BF97170009C7EC6 /* Assets.xcassets */; };
		06EBD3722BF97170009C7EC6 /* Preview Assets.xcassets in Resources */ = {isa = PBXBuildFile; fileRef = 06EBD3712BF97170009C7EC6 /* Preview Assets.xcassets */; };
		06EBD3792BF974EB009C7EC6 /* CardViewHome.swift in Sources */ = {isa = PBXBuildFile; fileRef = 06EBD3782BF974EB009C7EC6 /* CardViewHome.swift */; };
		06EBD37B2BF98D2B009C7EC6 /* SectionViewHome.swift in Sources */ = {isa = PBXBuildFile; fileRef = 06EBD37A2BF98D2B009C7EC6 /* SectionViewHome.swift */; };
		06EBD37F2BFAC242009C7EC6 /* HomeScreen.swift in Sources */ = {isa = PBXBuildFile; fileRef = 06EBD37E2BFAC242009C7EC6 /* HomeScreen.swift */; };
		06EBD3812BFAC37A009C7EC6 /* HeaderSectionView.swift in Sources */ = {isa = PBXBuildFile; fileRef = 06EBD3802BFAC37A009C7EC6 /* HeaderSectionView.swift */; };
		06EBD3832BFAC3CB009C7EC6 /* LazyGridCardViewHome.swift in Sources */ = {isa = PBXBuildFile; fileRef = 06EBD3822BFAC3CB009C7EC6 /* LazyGridCardViewHome.swift */; };
		06EBD3862C0CE662009C7EC6 /* SearchScreen.swift in Sources */ = {isa = PBXBuildFile; fileRef = 06EBD3852C0CE662009C7EC6 /* SearchScreen.swift */; };
		06EBD3882C0D25BA009C7EC6 /* SectionSearch.swift in Sources */ = {isa = PBXBuildFile; fileRef = 06EBD3872C0D25BA009C7EC6 /* SectionSearch.swift */; };
		06EBD38A2C0D27A3009C7EC6 /* HeaderSectionSearch.swift in Sources */ = {isa = PBXBuildFile; fileRef = 06EBD3892C0D27A3009C7EC6 /* HeaderSectionSearch.swift */; };
		06EBD38C2C0D27C0009C7EC6 /* GridCardViewSearch.swift in Sources */ = {isa = PBXBuildFile; fileRef = 06EBD38B2C0D27C0009C7EC6 /* GridCardViewSearch.swift */; };
		06EBD38E2C150F7D009C7EC6 /* ContainerViewSearchGrid.swift in Sources */ = {isa = PBXBuildFile; fileRef = 06EBD38D2C150F7D009C7EC6 /* ContainerViewSearchGrid.swift */; };
/* End PBXBuildFile section */

/* Begin PBXFileReference section */
		06A3E7D62C165C0B00C6CA74 /* PlaylistScreen.swift */ = {isa = PBXFileReference; lastKnownFileType = sourcecode.swift; path = PlaylistScreen.swift; sourceTree = "<group>"; };
		06A3E7D82C165DA400C6CA74 /* SectionSongView.swift */ = {isa = PBXFileReference; lastKnownFileType = sourcecode.swift; path = SectionSongView.swift; sourceTree = "<group>"; };
		06A3E7DC2C220CFD00C6CA74 /* VerticalEllipseButton.swift */ = {isa = PBXFileReference; lastKnownFileType = sourcecode.swift; path = VerticalEllipseButton.swift; sourceTree = "<group>"; };
		06A3E7E02C220FA000C6CA74 /* ButtonsView.swift */ = {isa = PBXFileReference; lastKnownFileType = sourcecode.swift; path = ButtonsView.swift; sourceTree = "<group>"; };
		06A3E7E22C220FB900C6CA74 /* PlayButton.swift */ = {isa = PBXFileReference; lastKnownFileType = sourcecode.swift; path = PlayButton.swift; sourceTree = "<group>"; };
		06A3E7E42C220FC700C6CA74 /* HeartButton.swift */ = {isa = PBXFileReference; lastKnownFileType = sourcecode.swift; path = HeartButton.swift; sourceTree = "<group>"; };
		06A3E7E62C23425E00C6CA74 /* SectionAlbum.swift */ = {isa = PBXFileReference; lastKnownFileType = sourcecode.swift; path = SectionAlbum.swift; sourceTree = "<group>"; };
		06A3E7E92C23474E00C6CA74 /* View+Extension.swift */ = {isa = PBXFileReference; lastKnownFileType = sourcecode.swift; path = "View+Extension.swift"; sourceTree = "<group>"; };
		06EBD3672BF9716E009C7EC6 /* SpotifyClone.app */ = {isa = PBXFileReference; explicitFileType = wrapper.application; includeInIndex = 0; path = SpotifyClone.app; sourceTree = BUILT_PRODUCTS_DIR; };
		06EBD36A2BF9716E009C7EC6 /* SpotifyCloneApp.swift */ = {isa = PBXFileReference; lastKnownFileType = sourcecode.swift; path = SpotifyCloneApp.swift; sourceTree = "<group>"; };
		06EBD36C2BF9716E009C7EC6 /* ContentView.swift */ = {isa = PBXFileReference; lastKnownFileType = sourcecode.swift; path = ContentView.swift; sourceTree = "<group>"; };
		06EBD36E2BF97170009C7EC6 /* Assets.xcassets */ = {isa = PBXFileReference; lastKnownFileType = folder.assetcatalog; path = Assets.xcassets; sourceTree = "<group>"; };
		06EBD3712BF97170009C7EC6 /* Preview Assets.xcassets */ = {isa = PBXFileReference; lastKnownFileType = folder.assetcatalog; path = "Preview Assets.xcassets"; sourceTree = "<group>"; };
		06EBD3782BF974EB009C7EC6 /* CardViewHome.swift */ = {isa = PBXFileReference; lastKnownFileType = sourcecode.swift; path = CardViewHome.swift; sourceTree = "<group>"; };
		06EBD37A2BF98D2B009C7EC6 /* SectionViewHome.swift */ = {isa = PBXFileReference; lastKnownFileType = sourcecode.swift; path = SectionViewHome.swift; sourceTree = "<group>"; };
		06EBD37E2BFAC242009C7EC6 /* HomeScreen.swift */ = {isa = PBXFileReference; lastKnownFileType = sourcecode.swift; path = HomeScreen.swift; sourceTree = "<group>"; };
		06EBD3802BFAC37A009C7EC6 /* HeaderSectionView.swift */ = {isa = PBXFileReference; lastKnownFileType = sourcecode.swift; path = HeaderSectionView.swift; sourceTree = "<group>"; };
		06EBD3822BFAC3CB009C7EC6 /* LazyGridCardViewHome.swift */ = {isa = PBXFileReference; lastKnownFileType = sourcecode.swift; path = LazyGridCardViewHome.swift; sourceTree = "<group>"; };
		06EBD3852C0CE662009C7EC6 /* SearchScreen.swift */ = {isa = PBXFileReference; lastKnownFileType = sourcecode.swift; path = SearchScreen.swift; sourceTree = "<group>"; };
		06EBD3872C0D25BA009C7EC6 /* SectionSearch.swift */ = {isa = PBXFileReference; lastKnownFileType = sourcecode.swift; path = SectionSearch.swift; sourceTree = "<group>"; };
		06EBD3892C0D27A3009C7EC6 /* HeaderSectionSearch.swift */ = {isa = PBXFileReference; lastKnownFileType = sourcecode.swift; path = HeaderSectionSearch.swift; sourceTree = "<group>"; };
		06EBD38B2C0D27C0009C7EC6 /* GridCardViewSearch.swift */ = {isa = PBXFileReference; lastKnownFileType = sourcecode.swift; path = GridCardViewSearch.swift; sourceTree = "<group>"; };
		06EBD38D2C150F7D009C7EC6 /* ContainerViewSearchGrid.swift */ = {isa = PBXFileReference; lastKnownFileType = sourcecode.swift; path = ContainerViewSearchGrid.swift; sourceTree = "<group>"; };
/* End PBXFileReference section */

/* Begin PBXFrameworksBuildPhase section */
		06EBD3642BF9716E009C7EC6 /* Frameworks */ = {
			isa = PBXFrameworksBuildPhase;
			buildActionMask = 2147483647;
			files = (
			);
			runOnlyForDeploymentPostprocessing = 0;
		};
/* End PBXFrameworksBuildPhase section */

/* Begin PBXGroup section */
		06A3E7D52C165BE900C6CA74 /* PlaylistScreen */ = {
			isa = PBXGroup;
			children = (
				06A3E7D62C165C0B00C6CA74 /* PlaylistScreen.swift */,
				06A3E7D82C165DA400C6CA74 /* SectionSongView.swift */,
				06A3E7E02C220FA000C6CA74 /* ButtonsView.swift */,
				06A3E7E62C23425E00C6CA74 /* SectionAlbum.swift */,
			);
			path = PlaylistScreen;
			sourceTree = "<group>";
		};
		06A3E7DB2C220C7D00C6CA74 /* CustomViews */ = {
			isa = PBXGroup;
			children = (
				06A3E7DC2C220CFD00C6CA74 /* VerticalEllipseButton.swift */,
				06A3E7E22C220FB900C6CA74 /* PlayButton.swift */,
				06A3E7E42C220FC700C6CA74 /* HeartButton.swift */,
			);
			path = CustomViews;
			sourceTree = "<group>";
		};
		06A3E7E82C23472700C6CA74 /* Extension */ = {
			isa = PBXGroup;
			children = (
				06A3E7E92C23474E00C6CA74 /* View+Extension.swift */,
			);
			path = Extension;
			sourceTree = "<group>";
		};
		06EBD35E2BF9716E009C7EC6 = {
			isa = PBXGroup;
			children = (
				06EBD3692BF9716E009C7EC6 /* SpotifyClone */,
				06EBD3682BF9716E009C7EC6 /* Products */,
			);
			sourceTree = "<group>";
		};
		06EBD3682BF9716E009C7EC6 /* Products */ = {
			isa = PBXGroup;
			children = (
				06EBD3672BF9716E009C7EC6 /* SpotifyClone.app */,
			);
			name = Products;
			sourceTree = "<group>";
		};
		06EBD3692BF9716E009C7EC6 /* SpotifyClone */ = {
			isa = PBXGroup;
			children = (
				06A3E7E82C23472700C6CA74 /* Extension */,
				06A3E7DB2C220C7D00C6CA74 /* CustomViews */,
				06EBD37C2BFAC206009C7EC6 /* View */,
				06EBD36A2BF9716E009C7EC6 /* SpotifyCloneApp.swift */,
				06EBD36C2BF9716E009C7EC6 /* ContentView.swift */,
				06EBD36E2BF97170009C7EC6 /* Assets.xcassets */,
				06EBD3702BF97170009C7EC6 /* Preview Content */,
			);
			path = SpotifyClone;
			sourceTree = "<group>";
		};
		06EBD3702BF97170009C7EC6 /* Preview Content */ = {
			isa = PBXGroup;
			children = (
				06EBD3712BF97170009C7EC6 /* Preview Assets.xcassets */,
			);
			path = "Preview Content";
			sourceTree = "<group>";
		};
		06EBD37C2BFAC206009C7EC6 /* View */ = {
			isa = PBXGroup;
			children = (
				06A3E7D52C165BE900C6CA74 /* PlaylistScreen */,
				06EBD3842C0CE648009C7EC6 /* SearchScreen */,
				06EBD37D2BFAC21D009C7EC6 /* HomeScreen */,
			);
			path = View;
			sourceTree = "<group>";
		};
		06EBD37D2BFAC21D009C7EC6 /* HomeScreen */ = {
			isa = PBXGroup;
			children = (
				06EBD37E2BFAC242009C7EC6 /* HomeScreen.swift */,
				06EBD3782BF974EB009C7EC6 /* CardViewHome.swift */,
				06EBD37A2BF98D2B009C7EC6 /* SectionViewHome.swift */,
				06EBD3802BFAC37A009C7EC6 /* HeaderSectionView.swift */,
				06EBD3822BFAC3CB009C7EC6 /* LazyGridCardViewHome.swift */,
			);
			path = HomeScreen;
			sourceTree = "<group>";
		};
		06EBD3842C0CE648009C7EC6 /* SearchScreen */ = {
			isa = PBXGroup;
			children = (
				06EBD3852C0CE662009C7EC6 /* SearchScreen.swift */,
				06EBD3872C0D25BA009C7EC6 /* SectionSearch.swift */,
				06EBD3892C0D27A3009C7EC6 /* HeaderSectionSearch.swift */,
				06EBD38B2C0D27C0009C7EC6 /* GridCardViewSearch.swift */,
				06EBD38D2C150F7D009C7EC6 /* ContainerViewSearchGrid.swift */,
			);
			path = SearchScreen;
			sourceTree = "<group>";
		};
/* End PBXGroup section */

/* Begin PBXNativeTarget section */
		06EBD3662BF9716E009C7EC6 /* SpotifyClone */ = {
			isa = PBXNativeTarget;
			buildConfigurationList = 06EBD3752BF97170009C7EC6 /* Build configuration list for PBXNativeTarget "SpotifyClone" */;
			buildPhases = (
				06EBD3632BF9716E009C7EC6 /* Sources */,
				06EBD3642BF9716E009C7EC6 /* Frameworks */,
				06EBD3652BF9716E009C7EC6 /* Resources */,
			);
			buildRules = (
			);
			dependencies = (
			);
			name = SpotifyClone;
			productName = SpotifyClone;
			productReference = 06EBD3672BF9716E009C7EC6 /* SpotifyClone.app */;
			productType = "com.apple.product-type.application";
		};
/* End PBXNativeTarget section */

/* Begin PBXProject section */
		06EBD35F2BF9716E009C7EC6 /* Project object */ = {
			isa = PBXProject;
			attributes = {
				BuildIndependentTargetsInParallel = 1;
				LastSwiftUpdateCheck = 1540;
				LastUpgradeCheck = 1540;
				TargetAttributes = {
					06EBD3662BF9716E009C7EC6 = {
						CreatedOnToolsVersion = 15.4;
					};
				};
			};
			buildConfigurationList = 06EBD3622BF9716E009C7EC6 /* Build configuration list for PBXProject "SpotifyClone" */;
			compatibilityVersion = "Xcode 14.0";
			developmentRegion = en;
			hasScannedForEncodings = 0;
			knownRegions = (
				en,
				Base,
			);
			mainGroup = 06EBD35E2BF9716E009C7EC6;
			productRefGroup = 06EBD3682BF9716E009C7EC6 /* Products */;
			projectDirPath = "";
			projectRoot = "";
			targets = (
				06EBD3662BF9716E009C7EC6 /* SpotifyClone */,
			);
		};
/* End PBXProject section */

/* Begin PBXResourcesBuildPhase section */
		06EBD3652BF9716E009C7EC6 /* Resources */ = {
			isa = PBXResourcesBuildPhase;
			buildActionMask = 2147483647;
			files = (
				06EBD3722BF97170009C7EC6 /* Preview Assets.xcassets in Resources */,
				06EBD36F2BF97170009C7EC6 /* Assets.xcassets in Resources */,
			);
			runOnlyForDeploymentPostprocessing = 0;
		};
/* End PBXResourcesBuildPhase section */

/* Begin PBXSourcesBuildPhase section */
		06EBD3632BF9716E009C7EC6 /* Sources */ = {
			isa = PBXSourcesBuildPhase;
			buildActionMask = 2147483647;
			files = (
				06EBD3792BF974EB009C7EC6 /* CardViewHome.swift in Sources */,
				06EBD37B2BF98D2B009C7EC6 /* SectionViewHome.swift in Sources */,
				06A3E7EA2C23474E00C6CA74 /* View+Extension.swift in Sources */,
				06EBD38E2C150F7D009C7EC6 /* ContainerViewSearchGrid.swift in Sources */,
				06A3E7D72C165C0B00C6CA74 /* PlaylistScreen.swift in Sources */,
				06EBD37F2BFAC242009C7EC6 /* HomeScreen.swift in Sources */,
				06A3E7DD2C220CFD00C6CA74 /* VerticalEllipseButton.swift in Sources */,
				06EBD38C2C0D27C0009C7EC6 /* GridCardViewSearch.swift in Sources */,
				06EBD3862C0CE662009C7EC6 /* SearchScreen.swift in Sources */,
				06EBD3812BFAC37A009C7EC6 /* HeaderSectionView.swift in Sources */,
				06A3E7E52C220FC700C6CA74 /* HeartButton.swift in Sources */,
				06A3E7E12C220FA000C6CA74 /* ButtonsView.swift in Sources */,
				06EBD3882C0D25BA009C7EC6 /* SectionSearch.swift in Sources */,
				06A3E7E72C23425E00C6CA74 /* SectionAlbum.swift in Sources */,
				06A3E7E32C220FB900C6CA74 /* PlayButton.swift in Sources */,
				06EBD36D2BF9716E009C7EC6 /* ContentView.swift in Sources */,
				06EBD36B2BF9716E009C7EC6 /* SpotifyCloneApp.swift in Sources */,
				06EBD38A2C0D27A3009C7EC6 /* HeaderSectionSearch.swift in Sources */,
				06EBD3832BFAC3CB009C7EC6 /* LazyGridCardViewHome.swift in Sources */,
				06A3E7D92C165DA400C6CA74 /* SectionSongView.swift in Sources */,
			);
			runOnlyForDeploymentPostprocessing = 0;
		};
/* End PBXSourcesBuildPhase section */

/* Begin XCBuildConfiguration section */
		06EBD3732BF97170009C7EC6 /* Debug */ = {
			isa = XCBuildConfiguration;
			buildSettings = {
				ALWAYS_SEARCH_USER_PATHS = NO;
				ASSETCATALOG_COMPILER_GENERATE_SWIFT_ASSET_SYMBOL_EXTENSIONS = YES;
				CLANG_ANALYZER_NONNULL = YES;
				CLANG_ANALYZER_NUMBER_OBJECT_CONVERSION = YES_AGGRESSIVE;
				CLANG_CXX_LANGUAGE_STANDARD = "gnu++20";
				CLANG_ENABLE_MODULES = YES;
				CLANG_ENABLE_OBJC_ARC = YES;
				CLANG_ENABLE_OBJC_WEAK = YES;
				CLANG_WARN_BLOCK_CAPTURE_AUTORELEASING = YES;
				CLANG_WARN_BOOL_CONVERSION = YES;
				CLANG_WARN_COMMA = YES;
				CLANG_WARN_CONSTANT_CONVERSION = YES;
				CLANG_WARN_DEPRECATED_OBJC_IMPLEMENTATIONS = YES;
				CLANG_WARN_DIRECT_OBJC_ISA_USAGE = YES_ERROR;
				CLANG_WARN_DOCUMENTATION_COMMENTS = YES;
				CLANG_WARN_EMPTY_BODY = YES;
				CLANG_WARN_ENUM_CONVERSION = YES;
				CLANG_WARN_INFINITE_RECURSION = YES;
				CLANG_WARN_INT_CONVERSION = YES;
				CLANG_WARN_NON_LITERAL_NULL_CONVERSION = YES;
				CLANG_WARN_OBJC_IMPLICIT_RETAIN_SELF = YES;
				CLANG_WARN_OBJC_LITERAL_CONVERSION = YES;
				CLANG_WARN_OBJC_ROOT_CLASS = YES_ERROR;
				CLANG_WARN_QUOTED_INCLUDE_IN_FRAMEWORK_HEADER = YES;
				CLANG_WARN_RANGE_LOOP_ANALYSIS = YES;
				CLANG_WARN_STRICT_PROTOTYPES = YES;
				CLANG_WARN_SUSPICIOUS_MOVE = YES;
				CLANG_WARN_UNGUARDED_AVAILABILITY = YES_AGGRESSIVE;
				CLANG_WARN_UNREACHABLE_CODE = YES;
				CLANG_WARN__DUPLICATE_METHOD_MATCH = YES;
				COPY_PHASE_STRIP = NO;
				DEBUG_INFORMATION_FORMAT = dwarf;
				ENABLE_STRICT_OBJC_MSGSEND = YES;
				ENABLE_TESTABILITY = YES;
				ENABLE_USER_SCRIPT_SANDBOXING = YES;
				GCC_C_LANGUAGE_STANDARD = gnu17;
				GCC_DYNAMIC_NO_PIC = NO;
				GCC_NO_COMMON_BLOCKS = YES;
				GCC_OPTIMIZATION_LEVEL = 0;
				GCC_PREPROCESSOR_DEFINITIONS = (
					"DEBUG=1",
					"$(inherited)",
				);
				GCC_WARN_64_TO_32_BIT_CONVERSION = YES;
				GCC_WARN_ABOUT_RETURN_TYPE = YES_ERROR;
				GCC_WARN_UNDECLARED_SELECTOR = YES;
				GCC_WARN_UNINITIALIZED_AUTOS = YES_AGGRESSIVE;
				GCC_WARN_UNUSED_FUNCTION = YES;
				GCC_WARN_UNUSED_VARIABLE = YES;
				IPHONEOS_DEPLOYMENT_TARGET = 17.5;
				LOCALIZATION_PREFERS_STRING_CATALOGS = YES;
				MTL_ENABLE_DEBUG_INFO = INCLUDE_SOURCE;
				MTL_FAST_MATH = YES;
				ONLY_ACTIVE_ARCH = YES;
				SDKROOT = iphoneos;
				SWIFT_ACTIVE_COMPILATION_CONDITIONS = "DEBUG $(inherited)";
				SWIFT_OPTIMIZATION_LEVEL = "-Onone";
			};
			name = Debug;
		};
		06EBD3742BF97170009C7EC6 /* Release */ = {
			isa = XCBuildConfiguration;
			buildSettings = {
				ALWAYS_SEARCH_USER_PATHS = NO;
				ASSETCATALOG_COMPILER_GENERATE_SWIFT_ASSET_SYMBOL_EXTENSIONS = YES;
				CLANG_ANALYZER_NONNULL = YES;
				CLANG_ANALYZER_NUMBER_OBJECT_CONVERSION = YES_AGGRESSIVE;
				CLANG_CXX_LANGUAGE_STANDARD = "gnu++20";
				CLANG_ENABLE_MODULES = YES;
				CLANG_ENABLE_OBJC_ARC = YES;
				CLANG_ENABLE_OBJC_WEAK = YES;
				CLANG_WARN_BLOCK_CAPTURE_AUTORELEASING = YES;
				CLANG_WARN_BOOL_CONVERSION = YES;
				CLANG_WARN_COMMA = YES;
				CLANG_WARN_CONSTANT_CONVERSION = YES;
				CLANG_WARN_DEPRECATED_OBJC_IMPLEMENTATIONS = YES;
				CLANG_WARN_DIRECT_OBJC_ISA_USAGE = YES_ERROR;
				CLANG_WARN_DOCUMENTATION_COMMENTS = YES;
				CLANG_WARN_EMPTY_BODY = YES;
				CLANG_WARN_ENUM_CONVERSION = YES;
				CLANG_WARN_INFINITE_RECURSION = YES;
				CLANG_WARN_INT_CONVERSION = YES;
				CLANG_WARN_NON_LITERAL_NULL_CONVERSION = YES;
				CLANG_WARN_OBJC_IMPLICIT_RETAIN_SELF = YES;
				CLANG_WARN_OBJC_LITERAL_CONVERSION = YES;
				CLANG_WARN_OBJC_ROOT_CLASS = YES_ERROR;
				CLANG_WARN_QUOTED_INCLUDE_IN_FRAMEWORK_HEADER = YES;
				CLANG_WARN_RANGE_LOOP_ANALYSIS = YES;
				CLANG_WARN_STRICT_PROTOTYPES = YES;
				CLANG_WARN_SUSPICIOUS_MOVE = YES;
				CLANG_WARN_UNGUARDED_AVAILABILITY = YES_AGGRESSIVE;
				CLANG_WARN_UNREACHABLE_CODE = YES;
				CLANG_WARN__DUPLICATE_METHOD_MATCH = YES;
				COPY_PHASE_STRIP = NO;
				DEBUG_INFORMATION_FORMAT = "dwarf-with-dsym";
				ENABLE_NS_ASSERTIONS = NO;
				ENABLE_STRICT_OBJC_MSGSEND = YES;
				ENABLE_USER_SCRIPT_SANDBOXING = YES;
				GCC_C_LANGUAGE_STANDARD = gnu17;
				GCC_NO_COMMON_BLOCKS = YES;
				GCC_WARN_64_TO_32_BIT_CONVERSION = YES;
				GCC_WARN_ABOUT_RETURN_TYPE = YES_ERROR;
				GCC_WARN_UNDECLARED_SELECTOR = YES;
				GCC_WARN_UNINITIALIZED_AUTOS = YES_AGGRESSIVE;
				GCC_WARN_UNUSED_FUNCTION = YES;
				GCC_WARN_UNUSED_VARIABLE = YES;
				IPHONEOS_DEPLOYMENT_TARGET = 17.5;
				LOCALIZATION_PREFERS_STRING_CATALOGS = YES;
				MTL_ENABLE_DEBUG_INFO = NO;
				MTL_FAST_MATH = YES;
				SDKROOT = iphoneos;
				SWIFT_COMPILATION_MODE = wholemodule;
				VALIDATE_PRODUCT = YES;
			};
			name = Release;
		};
		06EBD3762BF97170009C7EC6 /* Debug */ = {
			isa = XCBuildConfiguration;
			buildSettings = {
				ASSETCATALOG_COMPILER_APPICON_NAME = AppIcon;
				ASSETCATALOG_COMPILER_GLOBAL_ACCENT_COLOR_NAME = AccentColor;
				CODE_SIGN_STYLE = Automatic;
				CURRENT_PROJECT_VERSION = 1;
				DEVELOPMENT_ASSET_PATHS = "\"SpotifyClone/Preview Content\"";
				DEVELOPMENT_TEAM = R8RFB244C2;
				ENABLE_PREVIEWS = YES;
				GENERATE_INFOPLIST_FILE = YES;
				INFOPLIST_KEY_UIApplicationSceneManifest_Generation = YES;
				INFOPLIST_KEY_UIApplicationSupportsIndirectInputEvents = YES;
				INFOPLIST_KEY_UILaunchScreen_Generation = YES;
				INFOPLIST_KEY_UISupportedInterfaceOrientations_iPad = "UIInterfaceOrientationPortrait UIInterfaceOrientationPortraitUpsideDown UIInterfaceOrientationLandscapeLeft UIInterfaceOrientationLandscapeRight";
				INFOPLIST_KEY_UISupportedInterfaceOrientations_iPhone = "UIInterfaceOrientationPortrait UIInterfaceOrientationLandscapeLeft UIInterfaceOrientationLandscapeRight";
				IPHONEOS_DEPLOYMENT_TARGET = 16.0;
				LD_RUNPATH_SEARCH_PATHS = (
					"$(inherited)",
					"@executable_path/Frameworks",
				);
				MARKETING_VERSION = 1.0;
				PRODUCT_BUNDLE_IDENTIFIER = com.fabianzarate.SpotifyClone;
				PRODUCT_NAME = "$(TARGET_NAME)";
				SWIFT_EMIT_LOC_STRINGS = YES;
				SWIFT_VERSION = 5.0;
				TARGETED_DEVICE_FAMILY = "1,2";
			};
			name = Debug;
		};
		06EBD3772BF97170009C7EC6 /* Release */ = {
			isa = XCBuildConfiguration;
			buildSettings = {
				ASSETCATALOG_COMPILER_APPICON_NAME = AppIcon;
				ASSETCATALOG_COMPILER_GLOBAL_ACCENT_COLOR_NAME = AccentColor;
				CODE_SIGN_STYLE = Automatic;
				CURRENT_PROJECT_VERSION = 1;
				DEVELOPMENT_ASSET_PATHS = "\"SpotifyClone/Preview Content\"";
				DEVELOPMENT_TEAM = R8RFB244C2;
				ENABLE_PREVIEWS = YES;
				GENERATE_INFOPLIST_FILE = YES;
				INFOPLIST_KEY_UIApplicationSceneManifest_Generation = YES;
				INFOPLIST_KEY_UIApplicationSupportsIndirectInputEvents = YES;
				INFOPLIST_KEY_UILaunchScreen_Generation = YES;
				INFOPLIST_KEY_UISupportedInterfaceOrientations_iPad = "UIInterfaceOrientationPortrait UIInterfaceOrientationPortraitUpsideDown UIInterfaceOrientationLandscapeLeft UIInterfaceOrientationLandscapeRight";
				INFOPLIST_KEY_UISupportedInterfaceOrientations_iPhone = "UIInterfaceOrientationPortrait UIInterfaceOrientationLandscapeLeft UIInterfaceOrientationLandscapeRight";
				IPHONEOS_DEPLOYMENT_TARGET = 16.0;
				LD_RUNPATH_SEARCH_PATHS = (
					"$(inherited)",
					"@executable_path/Frameworks",
				);
				MARKETING_VERSION = 1.0;
				PRODUCT_BUNDLE_IDENTIFIER = com.fabianzarate.SpotifyClone;
				PRODUCT_NAME = "$(TARGET_NAME)";
				SWIFT_EMIT_LOC_STRINGS = YES;
				SWIFT_VERSION = 5.0;
				TARGETED_DEVICE_FAMILY = "1,2";
			};
			name = Release;
		};
/* End XCBuildConfiguration section */

/* Begin XCConfigurationList section */
		06EBD3622BF9716E009C7EC6 /* Build configuration list for PBXProject "SpotifyClone" */ = {
			isa = XCConfigurationList;
			buildConfigurations = (
				06EBD3732BF97170009C7EC6 /* Debug */,
				06EBD3742BF97170009C7EC6 /* Release */,
			);
			defaultConfigurationIsVisible = 0;
			defaultConfigurationName = Release;
		};
		06EBD3752BF97170009C7EC6 /* Build configuration list for PBXNativeTarget "SpotifyClone" */ = {
			isa = XCConfigurationList;
			buildConfigurations = (
				06EBD3762BF97170009C7EC6 /* Debug */,
				06EBD3772BF97170009C7EC6 /* Release */,
			);
			defaultConfigurationIsVisible = 0;
			defaultConfigurationName = Release;
		};
/* End XCConfigurationList section */
	};
	rootObject = 06EBD35F2BF9716E009C7EC6 /* Project object */;
}
